
Microsoft Visual Studio Solution File, Format Version 12.00
# Visual Studio Version 17
VisualStudioVersion = 17.3.32901.215
MinimumVisualStudioVersion = 10.0.40219.1
Project("{FAE04EC0-301F-11D3-BF4B-00C04F79EFBC}") = "007", "007\007.csproj", "{F2C6C5DC-0EA9-4C74-AEC6-813982A5626E}"
EndProject
Global
	GlobalSection(SolutionConfigurationPlatforms) = preSolution
		Debug|Any CPU = Debug|Any CPU
		Release|Any CPU = Release|Any CPU
	EndGlobalSection
	GlobalSection(ProjectConfigurationPlatforms) = postSolution
		{F2C6C5DC-0EA9-4C74-AEC6-813982A5626E}.Debug|Any CPU.ActiveCfg = Debug|Any CPU
		{F2C6C5DC-0EA9-4C74-AEC6-813982A5626E}.Debug|Any CPU.Build.0 = Debug|Any CPU
		{F2C6C5DC-0EA9-4C74-AEC6-813982A5626E}.Release|Any CPU.ActiveCfg = Release|Any CPU
		{F2C6C5DC-0EA9-4C74-AEC6-813982A5626E}.Release|Any CPU.Build.0 = Release|Any CPU
	EndGlobalSection
	GlobalSection(SolutionProperties) = preSolution
		HideSolutionNode = FALSE
	EndGlobalSection
	GlobalSection(ExtensibilityGlobals) = postSolution
		SolutionGuid = {F3803F70-B329-4598-9B28-27E519FB2434}
	EndGlobalSection
EndGlobal
